{
  "name": "@tribble/example-realtime-sales-coach",
  "version": "0.1.0",
  "lockfileVersion": 3,
  "requires": true,
  "packages": {
    "": {
      "name": "@tribble/example-realtime-sales-coach",
      "version": "0.1.0",
      "dependencies": {
        "@tribble/sdk": "*",
        "dotenv": "^16.4.5"
      },
      "engines": {
        "node": ">=18"
      }
    },
    "../../packages/sdk": {
      "name": "@tribble/sdk",
      "version": "0.1.0",
      "dependencies": {
        "@tribble/sdk-actions": "*",
        "@tribble/sdk-agent": "*",
        "@tribble/sdk-auth": "*",
        "@tribble/sdk-chat": "*",
        "@tribble/sdk-connectors": "*",
        "@tribble/sdk-core": "*",
        "@tribble/sdk-docs": "*",
        "@tribble/sdk-events": "*",
        "@tribble/sdk-ingest": "*",
        "@tribble/sdk-queue": "*",
        "@tribble/sdk-render": "*",
        "@tribble/sdk-workflows": "*"
      }
    },
    "node_modules/@tribble/sdk": {
      "resolved": "../../packages/sdk",
      "link": true
    },
    "node_modules/dotenv": {
      "version": "16.6.1",
      "resolved": "https://registry.npmjs.org/dotenv/-/dotenv-16.6.1.tgz",
      "integrity": "sha512-uBq4egWHTcTt33a72vpSG0z3HnPuIl6NqYcTrKEg2azoEyl2hpW0zqlxysq2pK9HlDIHyHyakeYaYnSAwd8bow==",
      "engines": {
        "node": ">=12"
      },
      "funding": {
        "url": "https://dotenvx.com"
      }
    }
  }
}
